// !$*UTF8*$!
{
	archiveVersion = 1;
	classes = {
	};
	objectVersion = 56;
	objects = {

/* Begin PBXBuildFile section */
		33396A1A2C117326000A1944 /* GXTabBarController.swift in Sources */ = {isa = PBXBuildFile; fileRef = 33396A192C117326000A1944 /* GXTabBarController.swift */; };
		33396A222C11E530000A1944 /* GXHomeVC.swift in Sources */ = {isa = PBXBuildFile; fileRef = 33396A202C11E530000A1944 /* GXHomeVC.swift */; };
		33396A232C11E530000A1944 /* GXHomeVC.xib in Resources */ = {isa = PBXBuildFile; fileRef = 33396A212C11E530000A1944 /* GXHomeVC.xib */; };
		33396A252C121A60000A1944 /* GXHomePanView.swift in Sources */ = {isa = PBXBuildFile; fileRef = 33396A242C121A60000A1944 /* GXHomePanView.swift */; };
		3340F7612C18498900B97923 /* GXRoundedInView.swift in Sources */ = {isa = PBXBuildFile; fileRef = 3340F7602C18498900B97923 /* GXRoundedInView.swift */; };
		3340F7632C18861600B97923 /* GXTabBar.swift in Sources */ = {isa = PBXBuildFile; fileRef = 3340F7622C18861600B97923 /* GXTabBar.swift */; };
		336B2C2A2C1B29A600A752C7 /* GXCustomMarker.swift in Sources */ = {isa = PBXBuildFile; fileRef = 336B2C292C1B29A600A752C7 /* GXCustomMarker.swift */; };
		33953F642C20846E0049C76C /* GXHomeSearchViewModel.swift in Sources */ = {isa = PBXBuildFile; fileRef = 33953F632C20846E0049C76C /* GXHomeSearchViewModel.swift */; };
		33953F672C208B240049C76C /* GXHomeSearchResultCell.swift in Sources */ = {isa = PBXBuildFile; fileRef = 33953F652C208B240049C76C /* GXHomeSearchResultCell.swift */; };
		33953F682C208B240049C76C /* GXHomeSearchResultCell.xib in Resources */ = {isa = PBXBuildFile; fileRef = 33953F662C208B240049C76C /* GXHomeSearchResultCell.xib */; };
		339889902C182CD800EA489A /* GXSelectTagsView.swift in Sources */ = {isa = PBXBuildFile; fileRef = 3398898F2C182CD800EA489A /* GXSelectTagsView.swift */; };
		33AE42C22C19EAA8006CC968 /* GXMarkerIconView.xib in Resources */ = {isa = PBXBuildFile; fileRef = 33AE42C12C19EAA8006CC968 /* GXMarkerIconView.xib */; };
		33BF81B62C1414CE0089431E /* GXLocationManager.swift in Sources */ = {isa = PBXBuildFile; fileRef = 33BF81B52C1414CE0089431E /* GXLocationManager.swift */; };
		33BF81B82C14964F0089431E /* GXMarkerIconView.swift in Sources */ = {isa = PBXBuildFile; fileRef = 33BF81B72C14964F0089431E /* GXMarkerIconView.swift */; };
		33BF81BA2C14A86D0089431E /* GXSelectedMarkerInfoView.swift in Sources */ = {isa = PBXBuildFile; fileRef = 33BF81B92C14A86D0089431E /* GXSelectedMarkerInfoView.swift */; };
		33BF81BD2C14AB720089431E /* GXHomeMarkerCell.xib in Resources */ = {isa = PBXBuildFile; fileRef = 33BF81BC2C14AB720089431E /* GXHomeMarkerCell.xib */; };
		33BF81BE2C14AB720089431E /* GXHomeMarkerCell.swift in Sources */ = {isa = PBXBuildFile; fileRef = 33BF81BB2C14AB720089431E /* GXHomeMarkerCell.swift */; };
		33BF81C02C14AB7F0089431E /* GXSelectedMarkerInfoView.xib in Resources */ = {isa = PBXBuildFile; fileRef = 33BF81BF2C14AB7F0089431E /* GXSelectedMarkerInfoView.xib */; };
		33CB38212C20A21F005A0227 /* GXHomeSearchAutocompleteCell.swift in Sources */ = {isa = PBXBuildFile; fileRef = 33CB381F2C20A21F005A0227 /* GXHomeSearchAutocompleteCell.swift */; };
		33CB38222C20A21F005A0227 /* GXHomeSearchAutocompleteCell.xib in Resources */ = {isa = PBXBuildFile; fileRef = 33CB38202C20A21F005A0227 /* GXHomeSearchAutocompleteCell.xib */; };
		33CB38242C20A2A2005A0227 /* GXHomeSearchHistoryCell.swift in Sources */ = {isa = PBXBuildFile; fileRef = 33CB38232C20A2A2005A0227 /* GXHomeSearchHistoryCell.swift */; };
		33CB382C2C20CADE005A0227 /* Mukta-Medium.ttf in Resources */ = {isa = PBXBuildFile; fileRef = 33CB38252C20CADE005A0227 /* Mukta-Medium.ttf */; };
		33CB382D2C20CADE005A0227 /* Mukta-Regular.ttf in Resources */ = {isa = PBXBuildFile; fileRef = 33CB38262C20CADE005A0227 /* Mukta-Regular.ttf */; };
		33CB382E2C20CADE005A0227 /* Mukta-ExtraLight.ttf in Resources */ = {isa = PBXBuildFile; fileRef = 33CB38272C20CADE005A0227 /* Mukta-ExtraLight.ttf */; };
		33CB382F2C20CADF005A0227 /* Mukta-Bold.ttf in Resources */ = {isa = PBXBuildFile; fileRef = 33CB38282C20CADE005A0227 /* Mukta-Bold.ttf */; };
		33CB38302C20CADF005A0227 /* Mukta-Light.ttf in Resources */ = {isa = PBXBuildFile; fileRef = 33CB38292C20CADE005A0227 /* Mukta-Light.ttf */; };
		33CB38312C20CADF005A0227 /* Mukta-SemiBold.ttf in Resources */ = {isa = PBXBuildFile; fileRef = 33CB382A2C20CADE005A0227 /* Mukta-SemiBold.ttf */; };
		33CB38322C20CADF005A0227 /* Mukta-ExtraBold.ttf in Resources */ = {isa = PBXBuildFile; fileRef = 33CB382B2C20CADE005A0227 /* Mukta-ExtraBold.ttf */; };
		33D1109E2C1D8DFA006331EC /* GXHomeSearchVC.xib in Resources */ = {isa = PBXBuildFile; fileRef = 33D1109D2C1D8DFA006331EC /* GXHomeSearchVC.xib */; };
		33D1109F2C1D8DFA006331EC /* GXHomeSearchVC.swift in Sources */ = {isa = PBXBuildFile; fileRef = 33D1109C2C1D8DFA006331EC /* GXHomeSearchVC.swift */; };
		33D9DFE22C0EFA0700A282D5 /* AppDelegate.swift in Sources */ = {isa = PBXBuildFile; fileRef = 33D9DFE12C0EFA0700A282D5 /* AppDelegate.swift */; };
		33D9DFE62C0EFA0700A282D5 /* ViewController.swift in Sources */ = {isa = PBXBuildFile; fileRef = 33D9DFE52C0EFA0700A282D5 /* ViewController.swift */; };
		33D9DFEB2C0EFA0900A282D5 /* Assets.xcassets in Resources */ = {isa = PBXBuildFile; fileRef = 33D9DFEA2C0EFA0900A282D5 /* Assets.xcassets */; };
		33D9DFEE2C0EFA0900A282D5 /* Base in Resources */ = {isa = PBXBuildFile; fileRef = 33D9DFED2C0EFA0900A282D5 /* Base */; };
		33EC55AB2C101BA100D4CCD0 /* GXArrowButton.swift in Sources */ = {isa = PBXBuildFile; fileRef = 33EC53792C101BA100D4CCD0 /* GXArrowButton.swift */; };
		33EC55AE2C101BA100D4CCD0 /* GXBaseModel.swift in Sources */ = {isa = PBXBuildFile; fileRef = 33EC537C2C101BA100D4CCD0 /* GXBaseModel.swift */; };
		33EC55AF2C101BA100D4CCD0 /* GXBaseNavigationController.swift in Sources */ = {isa = PBXBuildFile; fileRef = 33EC537D2C101BA100D4CCD0 /* GXBaseNavigationController.swift */; };
		33EC55B02C101BA100D4CCD0 /* GXBaseTableView.swift in Sources */ = {isa = PBXBuildFile; fileRef = 33EC537E2C101BA100D4CCD0 /* GXBaseTableView.swift */; };
		33EC55B12C101BA100D4CCD0 /* GXBaseTableViewController.swift in Sources */ = {isa = PBXBuildFile; fileRef = 33EC537F2C101BA100D4CCD0 /* GXBaseTableViewController.swift */; };
		33EC55B22C101BA100D4CCD0 /* GXBaseTextField.swift in Sources */ = {isa = PBXBuildFile; fileRef = 33EC53802C101BA100D4CCD0 /* GXBaseTextField.swift */; };
		33EC55B32C101BA100D4CCD0 /* GXBaseViewController.swift in Sources */ = {isa = PBXBuildFile; fileRef = 33EC53812C101BA100D4CCD0 /* GXBaseViewController.swift */; };
		33EC55B42C101BA100D4CCD0 /* GXBaseViewModel.swift in Sources */ = {isa = PBXBuildFile; fileRef = 33EC53822C101BA100D4CCD0 /* GXBaseViewModel.swift */; };
		33EC55B52C101BA100D4CCD0 /* GXBaseWarnViewController.swift in Sources */ = {isa = PBXBuildFile; fileRef = 33EC53832C101BA100D4CCD0 /* GXBaseWarnViewController.swift */; };
		33EC55B62C101BA100D4CCD0 /* GXConfigTVC.swift in Sources */ = {isa = PBXBuildFile; fileRef = 33EC53842C101BA100D4CCD0 /* GXConfigTVC.swift */; };
		33EC55B72C101BA100D4CCD0 /* GXLinkTextView.swift in Sources */ = {isa = PBXBuildFile; fileRef = 33EC53852C101BA100D4CCD0 /* GXLinkTextView.swift */; };
		33EC55B82C101BA100D4CCD0 /* GXSearchController.swift in Sources */ = {isa = PBXBuildFile; fileRef = 33EC53862C101BA100D4CCD0 /* GXSearchController.swift */; };
		33EC55B92C101BA100D4CCD0 /* GXSlideTableView.swift in Sources */ = {isa = PBXBuildFile; fileRef = 33EC53872C101BA100D4CCD0 /* GXSlideTableView.swift */; };
		33EC55BA2C101BA100D4CCD0 /* GXCopyable+Add.swift in Sources */ = {isa = PBXBuildFile; fileRef = 33EC53892C101BA100D4CCD0 /* GXCopyable+Add.swift */; };
		33EC55BB2C101BA100D4CCD0 /* GXRefreshNormalHeader+Add.swift in Sources */ = {isa = PBXBuildFile; fileRef = 33EC538A2C101BA100D4CCD0 /* GXRefreshNormalHeader+Add.swift */; };
		33EC55BC2C101BA100D4CCD0 /* MBProgressHUD.bundle in Resources */ = {isa = PBXBuildFile; fileRef = 33EC538B2C101BA100D4CCD0 /* MBProgressHUD.bundle */; };
		33EC55BE2C101BA100D4CCD0 /* NSAttributedString+Add.swift in Sources */ = {isa = PBXBuildFile; fileRef = 33EC538D2C101BA100D4CCD0 /* NSAttributedString+Add.swift */; };
		33EC55BF2C101BA100D4CCD0 /* PhotoAsset+Add.swift in Sources */ = {isa = PBXBuildFile; fileRef = 33EC538E2C101BA100D4CCD0 /* PhotoAsset+Add.swift */; };
		33EC55C02C101BA100D4CCD0 /* String+Add.swift in Sources */ = {isa = PBXBuildFile; fileRef = 33EC538F2C101BA100D4CCD0 /* String+Add.swift */; };
		33EC55C12C101BA100D4CCD0 /* UIAlertController+Add.swift in Sources */ = {isa = PBXBuildFile; fileRef = 33EC53902C101BA100D4CCD0 /* UIAlertController+Add.swift */; };
		33EC55C32C101BA100D4CCD0 /* UIColor+Add.swift in Sources */ = {isa = PBXBuildFile; fileRef = 33EC53922C101BA100D4CCD0 /* UIColor+Add.swift */; };
		33EC55C42C101BA100D4CCD0 /* UIFont+Add.swift in Sources */ = {isa = PBXBuildFile; fileRef = 33EC53932C101BA100D4CCD0 /* UIFont+Add.swift */; };
		33EC55C52C101BA100D4CCD0 /* UIImage+Add.swift in Sources */ = {isa = PBXBuildFile; fileRef = 33EC53942C101BA100D4CCD0 /* UIImage+Add.swift */; };
		33EC55C62C101BA100D4CCD0 /* UITextField+Add.swift in Sources */ = {isa = PBXBuildFile; fileRef = 33EC53952C101BA100D4CCD0 /* UITextField+Add.swift */; };
		33EC55C72C101BA100D4CCD0 /* UITextView+Add.swift in Sources */ = {isa = PBXBuildFile; fileRef = 33EC53962C101BA100D4CCD0 /* UITextView+Add.swift */; };
		33EC55C82C101BA100D4CCD0 /* GXApiDefine.swift in Sources */ = {isa = PBXBuildFile; fileRef = 33EC53982C101BA100D4CCD0 /* GXApiDefine.swift */; };
		33EC55C92C101BA100D4CCD0 /* GXDefine.swift in Sources */ = {isa = PBXBuildFile; fileRef = 33EC53992C101BA100D4CCD0 /* GXDefine.swift */; };
		33EC55CA2C101BA100D4CCD0 /* GXNotificationName.swift in Sources */ = {isa = PBXBuildFile; fileRef = 33EC539A2C101BA100D4CCD0 /* GXNotificationName.swift */; };
		33EC55CD2C101BA100D4CCD0 /* GXUtil.swift in Sources */ = {isa = PBXBuildFile; fileRef = 33EC539E2C101BA100D4CCD0 /* GXUtil.swift */; };
		33EC55CE2C101BA100D4CCD0 /* ObjectUnicode.swift in Sources */ = {isa = PBXBuildFile; fileRef = 33EC539F2C101BA100D4CCD0 /* ObjectUnicode.swift */; };
		33EC55CF2C101BA100D4CCD0 /* GXAlertView.swift in Sources */ = {isa = PBXBuildFile; fileRef = 33EC53A12C101BA100D4CCD0 /* GXAlertView.swift */; };
		33EC55DB2C101BA100D4CCD0 /* GXMessagesLoadHeader.swift in Sources */ = {isa = PBXBuildFile; fileRef = 33EC53AF2C101BA100D4CCD0 /* GXMessagesLoadHeader.swift */; };
		33EC55DC2C101BA100D4CCD0 /* GXMessagesLoadTableView.swift in Sources */ = {isa = PBXBuildFile; fileRef = 33EC53B02C101BA100D4CCD0 /* GXMessagesLoadTableView.swift */; };
		33EC55F12C101BA100D4CCD0 /* XYNavigationManager.m in Sources */ = {isa = PBXBuildFile; fileRef = 33EC53CB2C101BA100D4CCD0 /* XYNavigationManager.m */; };
		33EC55F22C101BA100D4CCD0 /* GXAddImages9View.swift in Sources */ = {isa = PBXBuildFile; fileRef = 33EC53CD2C101BA100D4CCD0 /* GXAddImages9View.swift */; };
		33EC55F32C101BA100D4CCD0 /* GXAddImagesView.swift in Sources */ = {isa = PBXBuildFile; fileRef = 33EC53CE2C101BA100D4CCD0 /* GXAddImagesView.swift */; };
		33EC55F52C101BA100D4CCD0 /* GXBadgeView.swift in Sources */ = {isa = PBXBuildFile; fileRef = 33EC53D02C101BA100D4CCD0 /* GXBadgeView.swift */; };
		33EC55F72C101BA100D4CCD0 /* GXMarqueeTextView.swift in Sources */ = {isa = PBXBuildFile; fileRef = 33EC53D22C101BA100D4CCD0 /* GXMarqueeTextView.swift */; };
		33EC55F82C101BA100D4CCD0 /* GXQRCodeReaderVC.swift in Sources */ = {isa = PBXBuildFile; fileRef = 33EC53D32C101BA100D4CCD0 /* GXQRCodeReaderVC.swift */; };
		33EC55F92C101BA100D4CCD0 /* GXQRCodeReaderVC.xib in Resources */ = {isa = PBXBuildFile; fileRef = 33EC53D42C101BA100D4CCD0 /* GXQRCodeReaderVC.xib */; };
		33EC55FB2C101BA100D4CCD0 /* GXSelectItemsMenu.swift in Sources */ = {isa = PBXBuildFile; fileRef = 33EC53D62C101BA100D4CCD0 /* GXSelectItemsMenu.swift */; };
		33EC55FC2C101BA100D4CCD0 /* GXTagsView.swift in Sources */ = {isa = PBXBuildFile; fileRef = 33EC53D72C101BA100D4CCD0 /* GXTagsView.swift */; };
		33EC55FD2C101BA100D4CCD0 /* GXTextView.swift in Sources */ = {isa = PBXBuildFile; fileRef = 33EC53D82C101BA100D4CCD0 /* GXTextView.swift */; };
		33EC55FE2C101BA100D4CCD0 /* GXToast.swift in Sources */ = {isa = PBXBuildFile; fileRef = 33EC53D92C101BA100D4CCD0 /* GXToast.swift */; };
		33EC55FF2C101BA100D4CCD0 /* GXWebViewController.swift in Sources */ = {isa = PBXBuildFile; fileRef = 33EC53DA2C101BA100D4CCD0 /* GXWebViewController.swift */; };
		33EC56012C101BA100D4CCD0 /* GXAppleManager.swift in Sources */ = {isa = PBXBuildFile; fileRef = 33EC53DE2C101BA100D4CCD0 /* GXAppleManager.swift */; };
		33EC56042C101BA100D4CCD0 /* GXServiceManager.swift in Sources */ = {isa = PBXBuildFile; fileRef = 33EC53E12C101BA100D4CCD0 /* GXServiceManager.swift */; };
		33EC578E2C101BA200D4CCD0 /* GXApi.swift in Sources */ = {isa = PBXBuildFile; fileRef = 33EC55A62C101BA100D4CCD0 /* GXApi.swift */; };
		33EC578F2C101BA200D4CCD0 /* GXMoyaProvider.swift in Sources */ = {isa = PBXBuildFile; fileRef = 33EC55A72C101BA100D4CCD0 /* GXMoyaProvider.swift */; };
		33EC57932C1021E300D4CCD0 /* GXApproveFailInfoView.swift in Sources */ = {isa = PBXBuildFile; fileRef = 33EC57912C1021E300D4CCD0 /* GXApproveFailInfoView.swift */; };
		33EC57942C1021E300D4CCD0 /* GXApproveFailInfoView.xib in Resources */ = {isa = PBXBuildFile; fileRef = 33EC57922C1021E300D4CCD0 /* GXApproveFailInfoView.xib */; };
		33EC579C2C11643500D4CCD0 /* MBProgressHUD+Add.swift in Sources */ = {isa = PBXBuildFile; fileRef = 33EC579B2C11643500D4CCD0 /* MBProgressHUD+Add.swift */; };
		6818C78D9B51E2909BC88500 /* Pods_GXSuperApp.framework in Frameworks */ = {isa = PBXBuildFile; fileRef = 5D6F37FD32A5D4D283B3BF19 /* Pods_GXSuperApp.framework */; };
/* End PBXBuildFile section */

/* Begin PBXFileReference section */
		33396A192C117326000A1944 /* GXTabBarController.swift */ = {isa = PBXFileReference; lastKnownFileType = sourcecode.swift; path = GXTabBarController.swift; sourceTree = "<group>"; };
		33396A202C11E530000A1944 /* GXHomeVC.swift */ = {isa = PBXFileReference; lastKnownFileType = sourcecode.swift; path = GXHomeVC.swift; sourceTree = "<group>"; };
		33396A212C11E530000A1944 /* GXHomeVC.xib */ = {isa = PBXFileReference; lastKnownFileType = file.xib; path = GXHomeVC.xib; sourceTree = "<group>"; };
		33396A242C121A60000A1944 /* GXHomePanView.swift */ = {isa = PBXFileReference; lastKnownFileType = sourcecode.swift; path = GXHomePanView.swift; sourceTree = "<group>"; };
		33396A262C123170000A1944 /* GXSuperApp.entitlements */ = {isa = PBXFileReference; lastKnownFileType = text.plist.entitlements; path = GXSuperApp.entitlements; sourceTree = "<group>"; };
		3340F7602C18498900B97923 /* GXRoundedInView.swift */ = {isa = PBXFileReference; lastKnownFileType = sourcecode.swift; path = GXRoundedInView.swift; sourceTree = "<group>"; };
		3340F7622C18861600B97923 /* GXTabBar.swift */ = {isa = PBXFileReference; lastKnownFileType = sourcecode.swift; path = GXTabBar.swift; sourceTree = "<group>"; };
		336B2C292C1B29A600A752C7 /* GXCustomMarker.swift */ = {isa = PBXFileReference; lastKnownFileType = sourcecode.swift; path = GXCustomMarker.swift; sourceTree = "<group>"; };
		33953F632C20846E0049C76C /* GXHomeSearchViewModel.swift */ = {isa = PBXFileReference; lastKnownFileType = sourcecode.swift; path = GXHomeSearchViewModel.swift; sourceTree = "<group>"; };
		33953F652C208B240049C76C /* GXHomeSearchResultCell.swift */ = {isa = PBXFileReference; lastKnownFileType = sourcecode.swift; path = GXHomeSearchResultCell.swift; sourceTree = "<group>"; };
		33953F662C208B240049C76C /* GXHomeSearchResultCell.xib */ = {isa = PBXFileReference; lastKnownFileType = file.xib; path = GXHomeSearchResultCell.xib; sourceTree = "<group>"; };
		3398898F2C182CD800EA489A /* GXSelectTagsView.swift */ = {isa = PBXFileReference; lastKnownFileType = sourcecode.swift; path = GXSelectTagsView.swift; sourceTree = "<group>"; };
		33AE42C12C19EAA8006CC968 /* GXMarkerIconView.xib */ = {isa = PBXFileReference; fileEncoding = 4; lastKnownFileType = file.xib; path = GXMarkerIconView.xib; sourceTree = "<group>"; };
		33BF81B52C1414CE0089431E /* GXLocationManager.swift */ = {isa = PBXFileReference; fileEncoding = 4; lastKnownFileType = sourcecode.swift; path = GXLocationManager.swift; sourceTree = "<group>"; };
		33BF81B72C14964F0089431E /* GXMarkerIconView.swift */ = {isa = PBXFileReference; lastKnownFileType = sourcecode.swift; path = GXMarkerIconView.swift; sourceTree = "<group>"; };
		33BF81B92C14A86D0089431E /* GXSelectedMarkerInfoView.swift */ = {isa = PBXFileReference; lastKnownFileType = sourcecode.swift; path = GXSelectedMarkerInfoView.swift; sourceTree = "<group>"; };
		33BF81BB2C14AB720089431E /* GXHomeMarkerCell.swift */ = {isa = PBXFileReference; lastKnownFileType = sourcecode.swift; path = GXHomeMarkerCell.swift; sourceTree = "<group>"; };
		33BF81BC2C14AB720089431E /* GXHomeMarkerCell.xib */ = {isa = PBXFileReference; lastKnownFileType = file.xib; path = GXHomeMarkerCell.xib; sourceTree = "<group>"; };
		33BF81BF2C14AB7F0089431E /* GXSelectedMarkerInfoView.xib */ = {isa = PBXFileReference; lastKnownFileType = file.xib; path = GXSelectedMarkerInfoView.xib; sourceTree = "<group>"; };
		33CB381F2C20A21F005A0227 /* GXHomeSearchAutocompleteCell.swift */ = {isa = PBXFileReference; lastKnownFileType = sourcecode.swift; path = GXHomeSearchAutocompleteCell.swift; sourceTree = "<group>"; };
		33CB38202C20A21F005A0227 /* GXHomeSearchAutocompleteCell.xib */ = {isa = PBXFileReference; lastKnownFileType = file.xib; path = GXHomeSearchAutocompleteCell.xib; sourceTree = "<group>"; };
		33CB38232C20A2A2005A0227 /* GXHomeSearchHistoryCell.swift */ = {isa = PBXFileReference; lastKnownFileType = sourcecode.swift; path = GXHomeSearchHistoryCell.swift; sourceTree = "<group>"; };
		33CB38252C20CADE005A0227 /* Mukta-Medium.ttf */ = {isa = PBXFileReference; lastKnownFileType = file; path = "Mukta-Medium.ttf"; sourceTree = "<group>"; };
		33CB38262C20CADE005A0227 /* Mukta-Regular.ttf */ = {isa = PBXFileReference; lastKnownFileType = file; path = "Mukta-Regular.ttf"; sourceTree = "<group>"; };
		33CB38272C20CADE005A0227 /* Mukta-ExtraLight.ttf */ = {isa = PBXFileReference; lastKnownFileType = file; path = "Mukta-ExtraLight.ttf"; sourceTree = "<group>"; };
		33CB38282C20CADE005A0227 /* Mukta-Bold.ttf */ = {isa = PBXFileReference; lastKnownFileType = file; path = "Mukta-Bold.ttf"; sourceTree = "<group>"; };
		33CB38292C20CADE005A0227 /* Mukta-Light.ttf */ = {isa = PBXFileReference; lastKnownFileType = file; path = "Mukta-Light.ttf"; sourceTree = "<group>"; };
		33CB382A2C20CADE005A0227 /* Mukta-SemiBold.ttf */ = {isa = PBXFileReference; lastKnownFileType = file; path = "Mukta-SemiBold.ttf"; sourceTree = "<group>"; };
		33CB382B2C20CADE005A0227 /* Mukta-ExtraBold.ttf */ = {isa = PBXFileReference; lastKnownFileType = file; path = "Mukta-ExtraBold.ttf"; sourceTree = "<group>"; };
		33D1109C2C1D8DFA006331EC /* GXHomeSearchVC.swift */ = {isa = PBXFileReference; lastKnownFileType = sourcecode.swift; path = GXHomeSearchVC.swift; sourceTree = "<group>"; };
		33D1109D2C1D8DFA006331EC /* GXHomeSearchVC.xib */ = {isa = PBXFileReference; lastKnownFileType = file.xib; path = GXHomeSearchVC.xib; sourceTree = "<group>"; };
		33D9DFDE2C0EFA0700A282D5 /* GXSuperApp.app */ = {isa = PBXFileReference; explicitFileType = wrapper.application; includeInIndex = 0; path = GXSuperApp.app; sourceTree = BUILT_PRODUCTS_DIR; };
		33D9DFE12C0EFA0700A282D5 /* AppDelegate.swift */ = {isa = PBXFileReference; lastKnownFileType = sourcecode.swift; path = AppDelegate.swift; sourceTree = "<group>"; };
		33D9DFE52C0EFA0700A282D5 /* ViewController.swift */ = {isa = PBXFileReference; lastKnownFileType = sourcecode.swift; path = ViewController.swift; sourceTree = "<group>"; };
		33D9DFEA2C0EFA0900A282D5 /* Assets.xcassets */ = {isa = PBXFileReference; lastKnownFileType = folder.assetcatalog; path = Assets.xcassets; sourceTree = "<group>"; };
		33D9DFED2C0EFA0900A282D5 /* Base */ = {isa = PBXFileReference; lastKnownFileType = file.storyboard; name = Base; path = Base.lproj/LaunchScreen.storyboard; sourceTree = "<group>"; };
		33D9DFEF2C0EFA0900A282D5 /* Info.plist */ = {isa = PBXFileReference; lastKnownFileType = text.plist.xml; path = Info.plist; sourceTree = "<group>"; };
		33EC53792C101BA100D4CCD0 /* GXArrowButton.swift */ = {isa = PBXFileReference; fileEncoding = 4; lastKnownFileType = sourcecode.swift; path = GXArrowButton.swift; sourceTree = "<group>"; };
		33EC537C2C101BA100D4CCD0 /* GXBaseModel.swift */ = {isa = PBXFileReference; fileEncoding = 4; lastKnownFileType = sourcecode.swift; path = GXBaseModel.swift; sourceTree = "<group>"; };
		33EC537D2C101BA100D4CCD0 /* GXBaseNavigationController.swift */ = {isa = PBXFileReference; fileEncoding = 4; lastKnownFileType = sourcecode.swift; path = GXBaseNavigationController.swift; sourceTree = "<group>"; };
		33EC537E2C101BA100D4CCD0 /* GXBaseTableView.swift */ = {isa = PBXFileReference; fileEncoding = 4; lastKnownFileType = sourcecode.swift; path = GXBaseTableView.swift; sourceTree = "<group>"; };
		33EC537F2C101BA100D4CCD0 /* GXBaseTableViewController.swift */ = {isa = PBXFileReference; fileEncoding = 4; lastKnownFileType = sourcecode.swift; path = GXBaseTableViewController.swift; sourceTree = "<group>"; };
		33EC53802C101BA100D4CCD0 /* GXBaseTextField.swift */ = {isa = PBXFileReference; fileEncoding = 4; lastKnownFileType = sourcecode.swift; path = GXBaseTextField.swift; sourceTree = "<group>"; };
		33EC53812C101BA100D4CCD0 /* GXBaseViewController.swift */ = {isa = PBXFileReference; fileEncoding = 4; lastKnownFileType = sourcecode.swift; path = GXBaseViewController.swift; sourceTree = "<group>"; };
		33EC53822C101BA100D4CCD0 /* GXBaseViewModel.swift */ = {isa = PBXFileReference; fileEncoding = 4; lastKnownFileType = sourcecode.swift; path = GXBaseViewModel.swift; sourceTree = "<group>"; };
		33EC53832C101BA100D4CCD0 /* GXBaseWarnViewController.swift */ = {isa = PBXFileReference; fileEncoding = 4; lastKnownFileType = sourcecode.swift; path = GXBaseWarnViewController.swift; sourceTree = "<group>"; };
		33EC53842C101BA100D4CCD0 /* GXConfigTVC.swift */ = {isa = PBXFileReference; fileEncoding = 4; lastKnownFileType = sourcecode.swift; path = GXConfigTVC.swift; sourceTree = "<group>"; };
		33EC53852C101BA100D4CCD0 /* GXLinkTextView.swift */ = {isa = PBXFileReference; fileEncoding = 4; lastKnownFileType = sourcecode.swift; path = GXLinkTextView.swift; sourceTree = "<group>"; };
		33EC53862C101BA100D4CCD0 /* GXSearchController.swift */ = {isa = PBXFileReference; fileEncoding = 4; lastKnownFileType = sourcecode.swift; path = GXSearchController.swift; sourceTree = "<group>"; };
		33EC53872C101BA100D4CCD0 /* GXSlideTableView.swift */ = {isa = PBXFileReference; fileEncoding = 4; lastKnownFileType = sourcecode.swift; path = GXSlideTableView.swift; sourceTree = "<group>"; };
		33EC53892C101BA100D4CCD0 /* GXCopyable+Add.swift */ = {isa = PBXFileReference; fileEncoding = 4; lastKnownFileType = sourcecode.swift; path = "GXCopyable+Add.swift"; sourceTree = "<group>"; };
		33EC538A2C101BA100D4CCD0 /* GXRefreshNormalHeader+Add.swift */ = {isa = PBXFileReference; fileEncoding = 4; lastKnownFileType = sourcecode.swift; path = "GXRefreshNormalHeader+Add.swift"; sourceTree = "<group>"; };
		33EC538B2C101BA100D4CCD0 /* MBProgressHUD.bundle */ = {isa = PBXFileReference; lastKnownFileType = "wrapper.plug-in"; path = MBProgressHUD.bundle; sourceTree = "<group>"; };
		33EC538D2C101BA100D4CCD0 /* NSAttributedString+Add.swift */ = {isa = PBXFileReference; fileEncoding = 4; lastKnownFileType = sourcecode.swift; path = "NSAttributedString+Add.swift"; sourceTree = "<group>"; };
		33EC538E2C101BA100D4CCD0 /* PhotoAsset+Add.swift */ = {isa = PBXFileReference; fileEncoding = 4; lastKnownFileType = sourcecode.swift; path = "PhotoAsset+Add.swift"; sourceTree = "<group>"; };
		33EC538F2C101BA100D4CCD0 /* String+Add.swift */ = {isa = PBXFileReference; fileEncoding = 4; lastKnownFileType = sourcecode.swift; path = "String+Add.swift"; sourceTree = "<group>"; };
		33EC53902C101BA100D4CCD0 /* UIAlertController+Add.swift */ = {isa = PBXFileReference; fileEncoding = 4; lastKnownFileType = sourcecode.swift; path = "UIAlertController+Add.swift"; sourceTree = "<group>"; };
		33EC53922C101BA100D4CCD0 /* UIColor+Add.swift */ = {isa = PBXFileReference; fileEncoding = 4; lastKnownFileType = sourcecode.swift; path = "UIColor+Add.swift"; sourceTree = "<group>"; };
		33EC53932C101BA100D4CCD0 /* UIFont+Add.swift */ = {isa = PBXFileReference; fileEncoding = 4; lastKnownFileType = sourcecode.swift; path = "UIFont+Add.swift"; sourceTree = "<group>"; };
		33EC53942C101BA100D4CCD0 /* UIImage+Add.swift */ = {isa = PBXFileReference; fileEncoding = 4; lastKnownFileType = sourcecode.swift; path = "UIImage+Add.swift"; sourceTree = "<group>"; };
		33EC53952C101BA100D4CCD0 /* UITextField+Add.swift */ = {isa = PBXFileReference; fileEncoding = 4; lastKnownFileType = sourcecode.swift; path = "UITextField+Add.swift"; sourceTree = "<group>"; };
		33EC53962C101BA100D4CCD0 /* UITextView+Add.swift */ = {isa = PBXFileReference; fileEncoding = 4; lastKnownFileType = sourcecode.swift; path = "UITextView+Add.swift"; sourceTree = "<group>"; };
		33EC53982C101BA100D4CCD0 /* GXApiDefine.swift */ = {isa = PBXFileReference; fileEncoding = 4; lastKnownFileType = sourcecode.swift; path = GXApiDefine.swift; sourceTree = "<group>"; };
		33EC53992C101BA100D4CCD0 /* GXDefine.swift */ = {isa = PBXFileReference; fileEncoding = 4; lastKnownFileType = sourcecode.swift; path = GXDefine.swift; sourceTree = "<group>"; };
		33EC539A2C101BA100D4CCD0 /* GXNotificationName.swift */ = {isa = PBXFileReference; fileEncoding = 4; lastKnownFileType = sourcecode.swift; path = GXNotificationName.swift; sourceTree = "<group>"; };
		33EC539E2C101BA100D4CCD0 /* GXUtil.swift */ = {isa = PBXFileReference; fileEncoding = 4; lastKnownFileType = sourcecode.swift; path = GXUtil.swift; sourceTree = "<group>"; };
		33EC539F2C101BA100D4CCD0 /* ObjectUnicode.swift */ = {isa = PBXFileReference; fileEncoding = 4; lastKnownFileType = sourcecode.swift; path = ObjectUnicode.swift; sourceTree = "<group>"; };
		33EC53A12C101BA100D4CCD0 /* GXAlertView.swift */ = {isa = PBXFileReference; fileEncoding = 4; lastKnownFileType = sourcecode.swift; path = GXAlertView.swift; sourceTree = "<group>"; };
		33EC53AF2C101BA100D4CCD0 /* GXMessagesLoadHeader.swift */ = {isa = PBXFileReference; fileEncoding = 4; lastKnownFileType = sourcecode.swift; path = GXMessagesLoadHeader.swift; sourceTree = "<group>"; };
		33EC53B02C101BA100D4CCD0 /* GXMessagesLoadTableView.swift */ = {isa = PBXFileReference; fileEncoding = 4; lastKnownFileType = sourcecode.swift; path = GXMessagesLoadTableView.swift; sourceTree = "<group>"; };
		33EC53CA2C101BA100D4CCD0 /* XYNavigationManager.h */ = {isa = PBXFileReference; fileEncoding = 4; lastKnownFileType = sourcecode.c.h; path = XYNavigationManager.h; sourceTree = "<group>"; };
		33EC53CB2C101BA100D4CCD0 /* XYNavigationManager.m */ = {isa = PBXFileReference; fileEncoding = 4; lastKnownFileType = sourcecode.c.objc; path = XYNavigationManager.m; sourceTree = "<group>"; };
		33EC53CD2C101BA100D4CCD0 /* GXAddImages9View.swift */ = {isa = PBXFileReference; fileEncoding = 4; lastKnownFileType = sourcecode.swift; path = GXAddImages9View.swift; sourceTree = "<group>"; };
		33EC53CE2C101BA100D4CCD0 /* GXAddImagesView.swift */ = {isa = PBXFileReference; fileEncoding = 4; lastKnownFileType = sourcecode.swift; path = GXAddImagesView.swift; sourceTree = "<group>"; };
		33EC53D02C101BA100D4CCD0 /* GXBadgeView.swift */ = {isa = PBXFileReference; fileEncoding = 4; lastKnownFileType = sourcecode.swift; path = GXBadgeView.swift; sourceTree = "<group>"; };
		33EC53D22C101BA100D4CCD0 /* GXMarqueeTextView.swift */ = {isa = PBXFileReference; fileEncoding = 4; lastKnownFileType = sourcecode.swift; path = GXMarqueeTextView.swift; sourceTree = "<group>"; };
		33EC53D32C101BA100D4CCD0 /* GXQRCodeReaderVC.swift */ = {isa = PBXFileReference; fileEncoding = 4; lastKnownFileType = sourcecode.swift; path = GXQRCodeReaderVC.swift; sourceTree = "<group>"; };
		33EC53D42C101BA100D4CCD0 /* GXQRCodeReaderVC.xib */ = {isa = PBXFileReference; fileEncoding = 4; lastKnownFileType = file.xib; path = GXQRCodeReaderVC.xib; sourceTree = "<group>"; };
		33EC53D62C101BA100D4CCD0 /* GXSelectItemsMenu.swift */ = {isa = PBXFileReference; fileEncoding = 4; lastKnownFileType = sourcecode.swift; path = GXSelectItemsMenu.swift; sourceTree = "<group>"; };
		33EC53D72C101BA100D4CCD0 /* GXTagsView.swift */ = {isa = PBXFileReference; fileEncoding = 4; lastKnownFileType = sourcecode.swift; path = GXTagsView.swift; sourceTree = "<group>"; };
		33EC53D82C101BA100D4CCD0 /* GXTextView.swift */ = {isa = PBXFileReference; fileEncoding = 4; lastKnownFileType = sourcecode.swift; path = GXTextView.swift; sourceTree = "<group>"; };
		33EC53D92C101BA100D4CCD0 /* GXToast.swift */ = {isa = PBXFileReference; fileEncoding = 4; lastKnownFileType = sourcecode.swift; path = GXToast.swift; sourceTree = "<group>"; };
		33EC53DA2C101BA100D4CCD0 /* GXWebViewController.swift */ = {isa = PBXFileReference; fileEncoding = 4; lastKnownFileType = sourcecode.swift; path = GXWebViewController.swift; sourceTree = "<group>"; };
		33EC53DE2C101BA100D4CCD0 /* GXAppleManager.swift */ = {isa = PBXFileReference; fileEncoding = 4; lastKnownFileType = sourcecode.swift; path = GXAppleManager.swift; sourceTree = "<group>"; };
		33EC53E12C101BA100D4CCD0 /* GXServiceManager.swift */ = {isa = PBXFileReference; fileEncoding = 4; lastKnownFileType = sourcecode.swift; path = GXServiceManager.swift; sourceTree = "<group>"; };
		33EC55A62C101BA100D4CCD0 /* GXApi.swift */ = {isa = PBXFileReference; fileEncoding = 4; lastKnownFileType = sourcecode.swift; path = GXApi.swift; sourceTree = "<group>"; };
		33EC55A72C101BA100D4CCD0 /* GXMoyaProvider.swift */ = {isa = PBXFileReference; fileEncoding = 4; lastKnownFileType = sourcecode.swift; path = GXMoyaProvider.swift; sourceTree = "<group>"; };
		33EC57912C1021E300D4CCD0 /* GXApproveFailInfoView.swift */ = {isa = PBXFileReference; fileEncoding = 4; lastKnownFileType = sourcecode.swift; path = GXApproveFailInfoView.swift; sourceTree = "<group>"; };
		33EC57922C1021E300D4CCD0 /* GXApproveFailInfoView.xib */ = {isa = PBXFileReference; fileEncoding = 4; lastKnownFileType = file.xib; path = GXApproveFailInfoView.xib; sourceTree = "<group>"; };
		33EC579B2C11643500D4CCD0 /* MBProgressHUD+Add.swift */ = {isa = PBXFileReference; lastKnownFileType = sourcecode.swift; path = "MBProgressHUD+Add.swift"; sourceTree = "<group>"; };
		5D6F37FD32A5D4D283B3BF19 /* Pods_GXSuperApp.framework */ = {isa = PBXFileReference; explicitFileType = wrapper.framework; includeInIndex = 0; path = Pods_GXSuperApp.framework; sourceTree = BUILT_PRODUCTS_DIR; };
		AE37990042C7D6C00FD87875 /* Pods-GXSuperApp.release.xcconfig */ = {isa = PBXFileReference; includeInIndex = 1; lastKnownFileType = text.xcconfig; name = "Pods-GXSuperApp.release.xcconfig"; path = "Target Support Files/Pods-GXSuperApp/Pods-GXSuperApp.release.xcconfig"; sourceTree = "<group>"; };
		BE467C8C83E2954639F9764B /* Pods-GXSuperApp.debug.xcconfig */ = {isa = PBXFileReference; includeInIndex = 1; lastKnownFileType = text.xcconfig; name = "Pods-GXSuperApp.debug.xcconfig"; path = "Target Support Files/Pods-GXSuperApp/Pods-GXSuperApp.debug.xcconfig"; sourceTree = "<group>"; };
/* End PBXFileReference section */

/* Begin PBXFrameworksBuildPhase section */
		33D9DFDB2C0EFA0700A282D5 /* Frameworks */ = {
			isa = PBXFrameworksBuildPhase;
			buildActionMask = 2147483647;
			files = (
				6818C78D9B51E2909BC88500 /* Pods_GXSuperApp.framework in Frameworks */,
			);
			runOnlyForDeploymentPostprocessing = 0;
		};
/* End PBXFrameworksBuildPhase section */

/* Begin PBXGroup section */
		33396A172C1172E1000A1944 /* Tabbar */ = {
			isa = PBXGroup;
			children = (
				33396A192C117326000A1944 /* GXTabBarController.swift */,
			);
			path = Tabbar;
			sourceTree = "<group>";
		};
		33396A1B2C11E450000A1944 /* Controller */ = {
			isa = PBXGroup;
			children = (
				33396A202C11E530000A1944 /* GXHomeVC.swift */,
				33396A212C11E530000A1944 /* GXHomeVC.xib */,
				33D1109C2C1D8DFA006331EC /* GXHomeSearchVC.swift */,
				33D1109D2C1D8DFA006331EC /* GXHomeSearchVC.xib */,
			);
			path = Controller;
			sourceTree = "<group>";
		};
		33396A1C2C11E450000A1944 /* Model */ = {
			isa = PBXGroup;
			children = (
			);
			path = Model;
			sourceTree = "<group>";
		};
		33396A1D2C11E450000A1944 /* View */ = {
			isa = PBXGroup;
			children = (
				33396A242C121A60000A1944 /* GXHomePanView.swift */,
				33BF81B72C14964F0089431E /* GXMarkerIconView.swift */,
				33AE42C12C19EAA8006CC968 /* GXMarkerIconView.xib */,
				336B2C292C1B29A600A752C7 /* GXCustomMarker.swift */,
				33BF81B92C14A86D0089431E /* GXSelectedMarkerInfoView.swift */,
				33BF81BF2C14AB7F0089431E /* GXSelectedMarkerInfoView.xib */,
				33BF81BB2C14AB720089431E /* GXHomeMarkerCell.swift */,
				33BF81BC2C14AB720089431E /* GXHomeMarkerCell.xib */,
				33CB38232C20A2A2005A0227 /* GXHomeSearchHistoryCell.swift */,
				33953F652C208B240049C76C /* GXHomeSearchResultCell.swift */,
				33953F662C208B240049C76C /* GXHomeSearchResultCell.xib */,
				33CB381F2C20A21F005A0227 /* GXHomeSearchAutocompleteCell.swift */,
				33CB38202C20A21F005A0227 /* GXHomeSearchAutocompleteCell.xib */,
			);
			path = View;
			sourceTree = "<group>";
		};
		33396A1E2C11E450000A1944 /* ViewModel */ = {
			isa = PBXGroup;
			children = (
				33953F632C20846E0049C76C /* GXHomeSearchViewModel.swift */,
			);
			path = ViewModel;
			sourceTree = "<group>";
		};
		33396A1F2C11E450000A1944 /* Home */ = {
			isa = PBXGroup;
			children = (
				33396A1C2C11E450000A1944 /* Model */,
				33396A1D2C11E450000A1944 /* View */,
				33396A1E2C11E450000A1944 /* ViewModel */,
				33396A1B2C11E450000A1944 /* Controller */,
			);
			path = Home;
			sourceTree = "<group>";
		};
		33D9DFD52C0EFA0700A282D5 = {
			isa = PBXGroup;
			children = (
				33D9DFE02C0EFA0700A282D5 /* GXSuperApp */,
				33D9DFDF2C0EFA0700A282D5 /* Products */,
				448D79BE9E61B8FDFA827635 /* Pods */,
				8071062EA7CEFD904356BD65 /* Frameworks */,
			);
			sourceTree = "<group>";
		};
		33D9DFDF2C0EFA0700A282D5 /* Products */ = {
			isa = PBXGroup;
			children = (
				33D9DFDE2C0EFA0700A282D5 /* GXSuperApp.app */,
			);
			name = Products;
			sourceTree = "<group>";
		};
		33D9DFE02C0EFA0700A282D5 /* GXSuperApp */ = {
			isa = PBXGroup;
			children = (
				33396A262C123170000A1944 /* GXSuperApp.entitlements */,
				33EC55AA2C101BA100D4CCD0 /* Classes */,
				33D9DFE12C0EFA0700A282D5 /* AppDelegate.swift */,
				33D9DFE52C0EFA0700A282D5 /* ViewController.swift */,
				33D9DFEA2C0EFA0900A282D5 /* Assets.xcassets */,
				33D9DFEC2C0EFA0900A282D5 /* LaunchScreen.storyboard */,
				33D9DFEF2C0EFA0900A282D5 /* Info.plist */,
			);
			path = GXSuperApp;
			sourceTree = "<group>";
		};
		33EC53882C101BA100D4CCD0 /* Bases */ = {
			isa = PBXGroup;
			children = (
				33EC537C2C101BA100D4CCD0 /* GXBaseModel.swift */,
				33EC53792C101BA100D4CCD0 /* GXArrowButton.swift */,
				3340F7622C18861600B97923 /* GXTabBar.swift */,
				33EC537D2C101BA100D4CCD0 /* GXBaseNavigationController.swift */,
				33EC537E2C101BA100D4CCD0 /* GXBaseTableView.swift */,
				33EC537F2C101BA100D4CCD0 /* GXBaseTableViewController.swift */,
				33EC53802C101BA100D4CCD0 /* GXBaseTextField.swift */,
				33EC53812C101BA100D4CCD0 /* GXBaseViewController.swift */,
				33EC53822C101BA100D4CCD0 /* GXBaseViewModel.swift */,
				33EC53832C101BA100D4CCD0 /* GXBaseWarnViewController.swift */,
				33EC53842C101BA100D4CCD0 /* GXConfigTVC.swift */,
				33EC53852C101BA100D4CCD0 /* GXLinkTextView.swift */,
				33EC53862C101BA100D4CCD0 /* GXSearchController.swift */,
				33EC53872C101BA100D4CCD0 /* GXSlideTableView.swift */,
			);
			path = Bases;
			sourceTree = "<group>";
		};
		33EC53972C101BA100D4CCD0 /* Categories */ = {
			isa = PBXGroup;
			children = (
				33EC538B2C101BA100D4CCD0 /* MBProgressHUD.bundle */,
				33EC579B2C11643500D4CCD0 /* MBProgressHUD+Add.swift */,
				33EC53892C101BA100D4CCD0 /* GXCopyable+Add.swift */,
				33EC538E2C101BA100D4CCD0 /* PhotoAsset+Add.swift */,
				33EC538F2C101BA100D4CCD0 /* String+Add.swift */,
				33EC53922C101BA100D4CCD0 /* UIColor+Add.swift */,
				33EC53932C101BA100D4CCD0 /* UIFont+Add.swift */,
				33EC53942C101BA100D4CCD0 /* UIImage+Add.swift */,
				33EC53952C101BA100D4CCD0 /* UITextField+Add.swift */,
				33EC53962C101BA100D4CCD0 /* UITextView+Add.swift */,
				33EC538D2C101BA100D4CCD0 /* NSAttributedString+Add.swift */,
				33EC53902C101BA100D4CCD0 /* UIAlertController+Add.swift */,
				33EC538A2C101BA100D4CCD0 /* GXRefreshNormalHeader+Add.swift */,
			);
			path = Categories;
			sourceTree = "<group>";
		};
		33EC539B2C101BA100D4CCD0 /* Define */ = {
			isa = PBXGroup;
			children = (
				33EC53992C101BA100D4CCD0 /* GXDefine.swift */,
				33EC53982C101BA100D4CCD0 /* GXApiDefine.swift */,
				33EC539A2C101BA100D4CCD0 /* GXNotificationName.swift */,
			);
			path = Define;
			sourceTree = "<group>";
		};
		33EC53A02C101BA100D4CCD0 /* Util */ = {
			isa = PBXGroup;
			children = (
				33EC539E2C101BA100D4CCD0 /* GXUtil.swift */,
				33EC539F2C101BA100D4CCD0 /* ObjectUnicode.swift */,
			);
			path = Util;
			sourceTree = "<group>";
		};
		33EC53A22C101BA100D4CCD0 /* GXAlertView */ = {
			isa = PBXGroup;
			children = (
				33EC53A12C101BA100D4CCD0 /* GXAlertView.swift */,
			);
			path = GXAlertView;
			sourceTree = "<group>";
		};
		33EC53B12C101BA100D4CCD0 /* GXMessageTableView */ = {
			isa = PBXGroup;
			children = (
				33EC53AF2C101BA100D4CCD0 /* GXMessagesLoadHeader.swift */,
				33EC53B02C101BA100D4CCD0 /* GXMessagesLoadTableView.swift */,
			);
			path = GXMessageTableView;
			sourceTree = "<group>";
		};
		33EC53CC2C101BA100D4CCD0 /* XYNavigationManager */ = {
			isa = PBXGroup;
			children = (
				33EC53CA2C101BA100D4CCD0 /* XYNavigationManager.h */,
				33EC53CB2C101BA100D4CCD0 /* XYNavigationManager.m */,
			);
			path = XYNavigationManager;
			sourceTree = "<group>";
		};
		33EC53DB2C101BA100D4CCD0 /* Widgets */ = {
			isa = PBXGroup;
			children = (
				33EC53A22C101BA100D4CCD0 /* GXAlertView */,
				33EC53B12C101BA100D4CCD0 /* GXMessageTableView */,
				33EC53CC2C101BA100D4CCD0 /* XYNavigationManager */,
				33EC53D92C101BA100D4CCD0 /* GXToast.swift */,
				33EC53D82C101BA100D4CCD0 /* GXTextView.swift */,
				33EC53D72C101BA100D4CCD0 /* GXTagsView.swift */,
				3398898F2C182CD800EA489A /* GXSelectTagsView.swift */,
				33EC53D02C101BA100D4CCD0 /* GXBadgeView.swift */,
				33EC53CE2C101BA100D4CCD0 /* GXAddImagesView.swift */,
				33EC53CD2C101BA100D4CCD0 /* GXAddImages9View.swift */,
				33EC53D22C101BA100D4CCD0 /* GXMarqueeTextView.swift */,
				3340F7602C18498900B97923 /* GXRoundedInView.swift */,
				33EC53D32C101BA100D4CCD0 /* GXQRCodeReaderVC.swift */,
				33EC53D42C101BA100D4CCD0 /* GXQRCodeReaderVC.xib */,
				33EC53D62C101BA100D4CCD0 /* GXSelectItemsMenu.swift */,
				33EC53DA2C101BA100D4CCD0 /* GXWebViewController.swift */,
				33EC57912C1021E300D4CCD0 /* GXApproveFailInfoView.swift */,
				33EC57922C1021E300D4CCD0 /* GXApproveFailInfoView.xib */,
			);
			path = Widgets;
			sourceTree = "<group>";
		};
		33EC53DC2C101BA100D4CCD0 /* General */ = {
			isa = PBXGroup;
			children = (
				33EC539B2C101BA100D4CCD0 /* Define */,
				33EC53A02C101BA100D4CCD0 /* Util */,
				33EC53882C101BA100D4CCD0 /* Bases */,
				33EC53972C101BA100D4CCD0 /* Categories */,
				33EC53DB2C101BA100D4CCD0 /* Widgets */,
			);
			path = General;
			sourceTree = "<group>";
		};
		33EC53E42C101BA100D4CCD0 /* Gobal */ = {
			isa = PBXGroup;
			children = (
				33EC53DE2C101BA100D4CCD0 /* GXAppleManager.swift */,
				33EC53E12C101BA100D4CCD0 /* GXServiceManager.swift */,
				33BF81B52C1414CE0089431E /* GXLocationManager.swift */,
			);
			path = Gobal;
			sourceTree = "<group>";
		};
		33EC559D2C101BA100D4CCD0 /* Main */ = {
			isa = PBXGroup;
			children = (
				33396A172C1172E1000A1944 /* Tabbar */,
				33396A1F2C11E450000A1944 /* Home */,
			);
			path = Main;
			sourceTree = "<group>";
		};
		33EC55A52C101BA100D4CCD0 /* Resources */ = {
			isa = PBXGroup;
			children = (
				33CB38282C20CADE005A0227 /* Mukta-Bold.ttf */,
				33CB382B2C20CADE005A0227 /* Mukta-ExtraBold.ttf */,
				33CB38272C20CADE005A0227 /* Mukta-ExtraLight.ttf */,
				33CB38292C20CADE005A0227 /* Mukta-Light.ttf */,
				33CB38252C20CADE005A0227 /* Mukta-Medium.ttf */,
				33CB38262C20CADE005A0227 /* Mukta-Regular.ttf */,
				33CB382A2C20CADE005A0227 /* Mukta-SemiBold.ttf */,
			);
			path = Resources;
			sourceTree = "<group>";
		};
		33EC55A92C101BA100D4CCD0 /* Service */ = {
			isa = PBXGroup;
			children = (
				33EC55A62C101BA100D4CCD0 /* GXApi.swift */,
				33EC55A72C101BA100D4CCD0 /* GXMoyaProvider.swift */,
			);
			path = Service;
			sourceTree = "<group>";
		};
		33EC55AA2C101BA100D4CCD0 /* Classes */ = {
			isa = PBXGroup;
			children = (
				33EC55A52C101BA100D4CCD0 /* Resources */,
				33EC53DC2C101BA100D4CCD0 /* General */,
				33EC55A92C101BA100D4CCD0 /* Service */,
				33EC53E42C101BA100D4CCD0 /* Gobal */,
				33EC559D2C101BA100D4CCD0 /* Main */,
			);
			path = Classes;
			sourceTree = "<group>";
		};
		448D79BE9E61B8FDFA827635 /* Pods */ = {
			isa = PBXGroup;
			children = (
				BE467C8C83E2954639F9764B /* Pods-GXSuperApp.debug.xcconfig */,
				AE37990042C7D6C00FD87875 /* Pods-GXSuperApp.release.xcconfig */,
			);
			path = Pods;
			sourceTree = "<group>";
		};
		8071062EA7CEFD904356BD65 /* Frameworks */ = {
			isa = PBXGroup;
			children = (
				5D6F37FD32A5D4D283B3BF19 /* Pods_GXSuperApp.framework */,
			);
			name = Frameworks;
			sourceTree = "<group>";
		};
/* End PBXGroup section */

/* Begin PBXNativeTarget section */
		33D9DFDD2C0EFA0700A282D5 /* GXSuperApp */ = {
			isa = PBXNativeTarget;
			buildConfigurationList = 33D9DFF22C0EFA0900A282D5 /* Build configuration list for PBXNativeTarget "GXSuperApp" */;
			buildPhases = (
				72702F4548421FE019B78D70 /* [CP] Check Pods Manifest.lock */,
				33D9DFDA2C0EFA0700A282D5 /* Sources */,
				33D9DFDB2C0EFA0700A282D5 /* Frameworks */,
				33D9DFDC2C0EFA0700A282D5 /* Resources */,
				BA8BE59F64A43CD70B8E3458 /* [CP] Embed Pods Frameworks */,
				59315578DF995EE8F10EA04A /* [CP] Copy Pods Resources */,
			);
			buildRules = (
			);
			dependencies = (
			);
			name = GXSuperApp;
			productName = GXSuperApp;
			productReference = 33D9DFDE2C0EFA0700A282D5 /* GXSuperApp.app */;
			productType = "com.apple.product-type.application";
		};
/* End PBXNativeTarget section */

/* Begin PBXProject section */
		33D9DFD62C0EFA0700A282D5 /* Project object */ = {
			isa = PBXProject;
			attributes = {
				BuildIndependentTargetsInParallel = 1;
				LastSwiftUpdateCheck = 1540;
				LastUpgradeCheck = 1540;
				TargetAttributes = {
					33D9DFDD2C0EFA0700A282D5 = {
						CreatedOnToolsVersion = 15.4;
					};
				};
			};
			buildConfigurationList = 33D9DFD92C0EFA0700A282D5 /* Build configuration list for PBXProject "GXSuperApp" */;
			compatibilityVersion = "Xcode 14.0";
			developmentRegion = en;
			hasScannedForEncodings = 0;
			knownRegions = (
				en,
				Base,
			);
			mainGroup = 33D9DFD52C0EFA0700A282D5;
			productRefGroup = 33D9DFDF2C0EFA0700A282D5 /* Products */;
			projectDirPath = "";
			projectRoot = "";
			targets = (
				33D9DFDD2C0EFA0700A282D5 /* GXSuperApp */,
			);
		};
/* End PBXProject section */

/* Begin PBXResourcesBuildPhase section */
		33D9DFDC2C0EFA0700A282D5 /* Resources */ = {
			isa = PBXResourcesBuildPhase;
			buildActionMask = 2147483647;
			files = (
				33D9DFEB2C0EFA0900A282D5 /* Assets.xcassets in Resources */,
				33D1109E2C1D8DFA006331EC /* GXHomeSearchVC.xib in Resources */,
				33CB382D2C20CADE005A0227 /* Mukta-Regular.ttf in Resources */,
				33EC57942C1021E300D4CCD0 /* GXApproveFailInfoView.xib in Resources */,
				33EC55BC2C101BA100D4CCD0 /* MBProgressHUD.bundle in Resources */,
				33CB382C2C20CADE005A0227 /* Mukta-Medium.ttf in Resources */,
				33396A232C11E530000A1944 /* GXHomeVC.xib in Resources */,
				33D9DFEE2C0EFA0900A282D5 /* Base in Resources */,
				33CB38312C20CADF005A0227 /* Mukta-SemiBold.ttf in Resources */,
				33EC55F92C101BA100D4CCD0 /* GXQRCodeReaderVC.xib in Resources */,
				33BF81C02C14AB7F0089431E /* GXSelectedMarkerInfoView.xib in Resources */,
				33CB382F2C20CADF005A0227 /* Mukta-Bold.ttf in Resources */,
				33CB38222C20A21F005A0227 /* GXHomeSearchAutocompleteCell.xib in Resources */,
				33AE42C22C19EAA8006CC968 /* GXMarkerIconView.xib in Resources */,
				33CB38302C20CADF005A0227 /* Mukta-Light.ttf in Resources */,
				33953F682C208B240049C76C /* GXHomeSearchResultCell.xib in Resources */,
				33CB382E2C20CADE005A0227 /* Mukta-ExtraLight.ttf in Resources */,
				33BF81BD2C14AB720089431E /* GXHomeMarkerCell.xib in Resources */,
				33CB38322C20CADF005A0227 /* Mukta-ExtraBold.ttf in Resources */,
			);
			runOnlyForDeploymentPostprocessing = 0;
		};
/* End PBXResourcesBuildPhase section */

/* Begin PBXShellScriptBuildPhase section */
		59315578DF995EE8F10EA04A /* [CP] Copy Pods Resources */ = {
			isa = PBXShellScriptBuildPhase;
			buildActionMask = 2147483647;
			files = (
			);
			inputFileListPaths = (
				"${PODS_ROOT}/Target Support Files/Pods-GXSuperApp/Pods-GXSuperApp-resources-${CONFIGURATION}-input-files.xcfilelist",
			);
			name = "[CP] Copy Pods Resources";
			outputFileListPaths = (
				"${PODS_ROOT}/Target Support Files/Pods-GXSuperApp/Pods-GXSuperApp-resources-${CONFIGURATION}-output-files.xcfilelist",
			);
			runOnlyForDeploymentPostprocessing = 0;
			shellPath = /bin/sh;
			shellScript = "\"${PODS_ROOT}/Target Support Files/Pods-GXSuperApp/Pods-GXSuperApp-resources.sh\"\n";
			showEnvVarsInLog = 0;
		};
		72702F4548421FE019B78D70 /* [CP] Check Pods Manifest.lock */ = {
			isa = PBXShellScriptBuildPhase;
			buildActionMask = 2147483647;
			files = (
			);
			inputFileListPaths = (
			);
			inputPaths = (
				"${PODS_PODFILE_DIR_PATH}/Podfile.lock",
				"${PODS_ROOT}/Manifest.lock",
			);
			name = "[CP] Check Pods Manifest.lock";
			outputFileListPaths = (
			);
			outputPaths = (
				"$(DERIVED_FILE_DIR)/Pods-GXSuperApp-checkManifestLockResult.txt",
			);
			runOnlyForDeploymentPostprocessing = 0;
			shellPath = /bin/sh;
			shellScript = "diff \"${PODS_PODFILE_DIR_PATH}/Podfile.lock\" \"${PODS_ROOT}/Manifest.lock\" > /dev/null\nif [ $? != 0 ] ; then\n    # print error to STDERR\n    echo \"error: The sandbox is not in sync with the Podfile.lock. Run 'pod install' or update your CocoaPods installation.\" >&2\n    exit 1\nfi\n# This output is used by Xcode 'outputs' to avoid re-running this script phase.\necho \"SUCCESS\" > \"${SCRIPT_OUTPUT_FILE_0}\"\n";
			showEnvVarsInLog = 0;
		};
		BA8BE59F64A43CD70B8E3458 /* [CP] Embed Pods Frameworks */ = {
			isa = PBXShellScriptBuildPhase;
			buildActionMask = 2147483647;
			files = (
			);
			inputFileListPaths = (
				"${PODS_ROOT}/Target Support Files/Pods-GXSuperApp/Pods-GXSuperApp-frameworks-${CONFIGURATION}-input-files.xcfilelist",
			);
			name = "[CP] Embed Pods Frameworks";
			outputFileListPaths = (
				"${PODS_ROOT}/Target Support Files/Pods-GXSuperApp/Pods-GXSuperApp-frameworks-${CONFIGURATION}-output-files.xcfilelist",
			);
			runOnlyForDeploymentPostprocessing = 0;
			shellPath = /bin/sh;
			shellScript = "\"${PODS_ROOT}/Target Support Files/Pods-GXSuperApp/Pods-GXSuperApp-frameworks.sh\"\n";
			showEnvVarsInLog = 0;
		};
/* End PBXShellScriptBuildPhase section */

/* Begin PBXSourcesBuildPhase section */
		33D9DFDA2C0EFA0700A282D5 /* Sources */ = {
			isa = PBXSourcesBuildPhase;
			buildActionMask = 2147483647;
			files = (
				33953F642C20846E0049C76C /* GXHomeSearchViewModel.swift in Sources */,
				33EC55BF2C101BA100D4CCD0 /* PhotoAsset+Add.swift in Sources */,
				33BF81BA2C14A86D0089431E /* GXSelectedMarkerInfoView.swift in Sources */,
				33EC55B42C101BA100D4CCD0 /* GXBaseViewModel.swift in Sources */,
				33EC55C82C101BA100D4CCD0 /* GXApiDefine.swift in Sources */,
				33EC55C72C101BA100D4CCD0 /* UITextView+Add.swift in Sources */,
				33EC55B32C101BA100D4CCD0 /* GXBaseViewController.swift in Sources */,
				33EC55FF2C101BA100D4CCD0 /* GXWebViewController.swift in Sources */,
				33EC55AE2C101BA100D4CCD0 /* GXBaseModel.swift in Sources */,
				33BF81B82C14964F0089431E /* GXMarkerIconView.swift in Sources */,
				33396A252C121A60000A1944 /* GXHomePanView.swift in Sources */,
				33EC55F32C101BA100D4CCD0 /* GXAddImagesView.swift in Sources */,
				33EC55F72C101BA100D4CCD0 /* GXMarqueeTextView.swift in Sources */,
				33D9DFE62C0EFA0700A282D5 /* ViewController.swift in Sources */,
				33BF81B62C1414CE0089431E /* GXLocationManager.swift in Sources */,
				33EC55FC2C101BA100D4CCD0 /* GXTagsView.swift in Sources */,
				33BF81BE2C14AB720089431E /* GXHomeMarkerCell.swift in Sources */,
				33EC55C92C101BA100D4CCD0 /* GXDefine.swift in Sources */,
				33EC578F2C101BA200D4CCD0 /* GXMoyaProvider.swift in Sources */,
				33EC55B92C101BA100D4CCD0 /* GXSlideTableView.swift in Sources */,
				33EC55C42C101BA100D4CCD0 /* UIFont+Add.swift in Sources */,
				33EC55B62C101BA100D4CCD0 /* GXConfigTVC.swift in Sources */,
				33D9DFE22C0EFA0700A282D5 /* AppDelegate.swift in Sources */,
				33EC579C2C11643500D4CCD0 /* MBProgressHUD+Add.swift in Sources */,
				33396A1A2C117326000A1944 /* GXTabBarController.swift in Sources */,
				33EC55FE2C101BA100D4CCD0 /* GXToast.swift in Sources */,
				33EC56042C101BA100D4CCD0 /* GXServiceManager.swift in Sources */,
				33EC55C12C101BA100D4CCD0 /* UIAlertController+Add.swift in Sources */,
				3340F7632C18861600B97923 /* GXTabBar.swift in Sources */,
				33EC55BE2C101BA100D4CCD0 /* NSAttributedString+Add.swift in Sources */,
				33EC55BA2C101BA100D4CCD0 /* GXCopyable+Add.swift in Sources */,
				33EC55BB2C101BA100D4CCD0 /* GXRefreshNormalHeader+Add.swift in Sources */,
				33EC578E2C101BA200D4CCD0 /* GXApi.swift in Sources */,
				33CB38242C20A2A2005A0227 /* GXHomeSearchHistoryCell.swift in Sources */,
				33EC55F22C101BA100D4CCD0 /* GXAddImages9View.swift in Sources */,
				33EC55B12C101BA100D4CCD0 /* GXBaseTableViewController.swift in Sources */,
				33EC55DB2C101BA100D4CCD0 /* GXMessagesLoadHeader.swift in Sources */,
				33D1109F2C1D8DFA006331EC /* GXHomeSearchVC.swift in Sources */,
				33EC55C62C101BA100D4CCD0 /* UITextField+Add.swift in Sources */,
				33EC55CE2C101BA100D4CCD0 /* ObjectUnicode.swift in Sources */,
				33EC55AF2C101BA100D4CCD0 /* GXBaseNavigationController.swift in Sources */,
				33EC55F12C101BA100D4CCD0 /* XYNavigationManager.m in Sources */,
				33953F672C208B240049C76C /* GXHomeSearchResultCell.swift in Sources */,
				3340F7612C18498900B97923 /* GXRoundedInView.swift in Sources */,
				33EC55C32C101BA100D4CCD0 /* UIColor+Add.swift in Sources */,
				33EC55DC2C101BA100D4CCD0 /* GXMessagesLoadTableView.swift in Sources */,
				33CB38212C20A21F005A0227 /* GXHomeSearchAutocompleteCell.swift in Sources */,
				339889902C182CD800EA489A /* GXSelectTagsView.swift in Sources */,
				33EC55B82C101BA100D4CCD0 /* GXSearchController.swift in Sources */,
				33EC55B02C101BA100D4CCD0 /* GXBaseTableView.swift in Sources */,
				33EC55C02C101BA100D4CCD0 /* String+Add.swift in Sources */,
				33EC55AB2C101BA100D4CCD0 /* GXArrowButton.swift in Sources */,
				33396A222C11E530000A1944 /* GXHomeVC.swift in Sources */,
				33EC55F52C101BA100D4CCD0 /* GXBadgeView.swift in Sources */,
				336B2C2A2C1B29A600A752C7 /* GXCustomMarker.swift in Sources */,
				33EC55FD2C101BA100D4CCD0 /* GXTextView.swift in Sources */,
				33EC55CA2C101BA100D4CCD0 /* GXNotificationName.swift in Sources */,
				33EC55CD2C101BA100D4CCD0 /* GXUtil.swift in Sources */,
				33EC55C52C101BA100D4CCD0 /* UIImage+Add.swift in Sources */,
				33EC55B52C101BA100D4CCD0 /* GXBaseWarnViewController.swift in Sources */,
				33EC55F82C101BA100D4CCD0 /* GXQRCodeReaderVC.swift in Sources */,
				33EC57932C1021E300D4CCD0 /* GXApproveFailInfoView.swift in Sources */,
				33EC55B72C101BA100D4CCD0 /* GXLinkTextView.swift in Sources */,
				33EC56012C101BA100D4CCD0 /* GXAppleManager.swift in Sources */,
				33EC55B22C101BA100D4CCD0 /* GXBaseTextField.swift in Sources */,
				33EC55FB2C101BA100D4CCD0 /* GXSelectItemsMenu.swift in Sources */,
				33EC55CF2C101BA100D4CCD0 /* GXAlertView.swift in Sources */,
			);
			runOnlyForDeploymentPostprocessing = 0;
		};
/* End PBXSourcesBuildPhase section */

/* Begin PBXVariantGroup section */
		33D9DFEC2C0EFA0900A282D5 /* LaunchScreen.storyboard */ = {
			isa = PBXVariantGroup;
			children = (
				33D9DFED2C0EFA0900A282D5 /* Base */,
			);
			name = LaunchScreen.storyboard;
			sourceTree = "<group>";
		};
/* End PBXVariantGroup section */

/* Begin XCBuildConfiguration section */
		33D9DFF02C0EFA0900A282D5 /* Debug */ = {
			isa = XCBuildConfiguration;
			buildSettings = {
				ALWAYS_SEARCH_USER_PATHS = NO;
				ASSETCATALOG_COMPILER_GENERATE_SWIFT_ASSET_SYMBOL_EXTENSIONS = YES;
				CLANG_ANALYZER_NONNULL = YES;
				CLANG_ANALYZER_NUMBER_OBJECT_CONVERSION = YES_AGGRESSIVE;
				CLANG_CXX_LANGUAGE_STANDARD = "gnu++20";
				CLANG_ENABLE_MODULES = YES;
				CLANG_ENABLE_OBJC_ARC = YES;
				CLANG_ENABLE_OBJC_WEAK = YES;
				CLANG_WARN_BLOCK_CAPTURE_AUTORELEASING = YES;
				CLANG_WARN_BOOL_CONVERSION = YES;
				CLANG_WARN_COMMA = YES;
				CLANG_WARN_CONSTANT_CONVERSION = YES;
				CLANG_WARN_DEPRECATED_OBJC_IMPLEMENTATIONS = YES;
				CLANG_WARN_DIRECT_OBJC_ISA_USAGE = YES_ERROR;
				CLANG_WARN_DOCUMENTATION_COMMENTS = YES;
				CLANG_WARN_EMPTY_BODY = YES;
				CLANG_WARN_ENUM_CONVERSION = YES;
				CLANG_WARN_INFINITE_RECURSION = YES;
				CLANG_WARN_INT_CONVERSION = YES;
				CLANG_WARN_NON_LITERAL_NULL_CONVERSION = YES;
				CLANG_WARN_OBJC_IMPLICIT_RETAIN_SELF = YES;
				CLANG_WARN_OBJC_LITERAL_CONVERSION = YES;
				CLANG_WARN_OBJC_ROOT_CLASS = YES_ERROR;
				CLANG_WARN_QUOTED_INCLUDE_IN_FRAMEWORK_HEADER = YES;
				CLANG_WARN_RANGE_LOOP_ANALYSIS = YES;
				CLANG_WARN_STRICT_PROTOTYPES = YES;
				CLANG_WARN_SUSPICIOUS_MOVE = YES;
				CLANG_WARN_UNGUARDED_AVAILABILITY = YES_AGGRESSIVE;
				CLANG_WARN_UNREACHABLE_CODE = YES;
				CLANG_WARN__DUPLICATE_METHOD_MATCH = YES;
				COPY_PHASE_STRIP = NO;
				DEBUG_INFORMATION_FORMAT = dwarf;
				ENABLE_STRICT_OBJC_MSGSEND = YES;
				ENABLE_TESTABILITY = YES;
				ENABLE_USER_SCRIPT_SANDBOXING = YES;
				GCC_C_LANGUAGE_STANDARD = gnu17;
				GCC_DYNAMIC_NO_PIC = NO;
				GCC_NO_COMMON_BLOCKS = YES;
				GCC_OPTIMIZATION_LEVEL = 0;
				GCC_PREPROCESSOR_DEFINITIONS = (
					"DEBUG=1",
					"$(inherited)",
				);
				GCC_WARN_64_TO_32_BIT_CONVERSION = YES;
				GCC_WARN_ABOUT_RETURN_TYPE = YES_ERROR;
				GCC_WARN_UNDECLARED_SELECTOR = YES;
				GCC_WARN_UNINITIALIZED_AUTOS = YES_AGGRESSIVE;
				GCC_WARN_UNUSED_FUNCTION = YES;
				GCC_WARN_UNUSED_VARIABLE = YES;
				IPHONEOS_DEPLOYMENT_TARGET = 17.5;
				LOCALIZATION_PREFERS_STRING_CATALOGS = YES;
				MTL_ENABLE_DEBUG_INFO = INCLUDE_SOURCE;
				MTL_FAST_MATH = YES;
				ONLY_ACTIVE_ARCH = YES;
				SDKROOT = iphoneos;
				SWIFT_ACTIVE_COMPILATION_CONDITIONS = "DEBUG $(inherited)";
				SWIFT_OPTIMIZATION_LEVEL = "-Onone";
			};
			name = Debug;
		};
		33D9DFF12C0EFA0900A282D5 /* Release */ = {
			isa = XCBuildConfiguration;
			buildSettings = {
				ALWAYS_SEARCH_USER_PATHS = NO;
				ASSETCATALOG_COMPILER_GENERATE_SWIFT_ASSET_SYMBOL_EXTENSIONS = YES;
				CLANG_ANALYZER_NONNULL = YES;
				CLANG_ANALYZER_NUMBER_OBJECT_CONVERSION = YES_AGGRESSIVE;
				CLANG_CXX_LANGUAGE_STANDARD = "gnu++20";
				CLANG_ENABLE_MODULES = YES;
				CLANG_ENABLE_OBJC_ARC = YES;
				CLANG_ENABLE_OBJC_WEAK = YES;
				CLANG_WARN_BLOCK_CAPTURE_AUTORELEASING = YES;
				CLANG_WARN_BOOL_CONVERSION = YES;
				CLANG_WARN_COMMA = YES;
				CLANG_WARN_CONSTANT_CONVERSION = YES;
				CLANG_WARN_DEPRECATED_OBJC_IMPLEMENTATIONS = YES;
				CLANG_WARN_DIRECT_OBJC_ISA_USAGE = YES_ERROR;
				CLANG_WARN_DOCUMENTATION_COMMENTS = YES;
				CLANG_WARN_EMPTY_BODY = YES;
				CLANG_WARN_ENUM_CONVERSION = YES;
				CLANG_WARN_INFINITE_RECURSION = YES;
				CLANG_WARN_INT_CONVERSION = YES;
				CLANG_WARN_NON_LITERAL_NULL_CONVERSION = YES;
				CLANG_WARN_OBJC_IMPLICIT_RETAIN_SELF = YES;
				CLANG_WARN_OBJC_LITERAL_CONVERSION = YES;
				CLANG_WARN_OBJC_ROOT_CLASS = YES_ERROR;
				CLANG_WARN_QUOTED_INCLUDE_IN_FRAMEWORK_HEADER = YES;
				CLANG_WARN_RANGE_LOOP_ANALYSIS = YES;
				CLANG_WARN_STRICT_PROTOTYPES = YES;
				CLANG_WARN_SUSPICIOUS_MOVE = YES;
				CLANG_WARN_UNGUARDED_AVAILABILITY = YES_AGGRESSIVE;
				CLANG_WARN_UNREACHABLE_CODE = YES;
				CLANG_WARN__DUPLICATE_METHOD_MATCH = YES;
				COPY_PHASE_STRIP = NO;
				DEBUG_INFORMATION_FORMAT = "dwarf-with-dsym";
				ENABLE_NS_ASSERTIONS = NO;
				ENABLE_STRICT_OBJC_MSGSEND = YES;
				ENABLE_USER_SCRIPT_SANDBOXING = YES;
				GCC_C_LANGUAGE_STANDARD = gnu17;
				GCC_NO_COMMON_BLOCKS = YES;
				GCC_WARN_64_TO_32_BIT_CONVERSION = YES;
				GCC_WARN_ABOUT_RETURN_TYPE = YES_ERROR;
				GCC_WARN_UNDECLARED_SELECTOR = YES;
				GCC_WARN_UNINITIALIZED_AUTOS = YES_AGGRESSIVE;
				GCC_WARN_UNUSED_FUNCTION = YES;
				GCC_WARN_UNUSED_VARIABLE = YES;
				IPHONEOS_DEPLOYMENT_TARGET = 17.5;
				LOCALIZATION_PREFERS_STRING_CATALOGS = YES;
				MTL_ENABLE_DEBUG_INFO = NO;
				MTL_FAST_MATH = YES;
				SDKROOT = iphoneos;
				SWIFT_COMPILATION_MODE = wholemodule;
				VALIDATE_PRODUCT = YES;
			};
			name = Release;
		};
		33D9DFF32C0EFA0900A282D5 /* Debug */ = {
			isa = XCBuildConfiguration;
			baseConfigurationReference = BE467C8C83E2954639F9764B /* Pods-GXSuperApp.debug.xcconfig */;
			buildSettings = {
				ALWAYS_EMBED_SWIFT_STANDARD_LIBRARIES = NO;
				ASSETCATALOG_COMPILER_APPICON_NAME = AppIcon;
				ASSETCATALOG_COMPILER_GLOBAL_ACCENT_COLOR_NAME = AccentColor;
				CODE_SIGN_ENTITLEMENTS = GXSuperApp/GXSuperApp.entitlements;
				CODE_SIGN_STYLE = Automatic;
				CURRENT_PROJECT_VERSION = 1;
				DEVELOPMENT_TEAM = L54KZN9KMH;
				ENABLE_USER_SCRIPT_SANDBOXING = NO;
				FRAMEWORK_SEARCH_PATHS = "$(inherited)";
				GENERATE_INFOPLIST_FILE = YES;
				INFOPLIST_FILE = GXSuperApp/Info.plist;
				INFOPLIST_KEY_CFBundleDisplayName = MarsEnergy;
				INFOPLIST_KEY_NSCameraUsageDescription = "需要您允许使用相机，拍照将用于设置“头像”等。";
				INFOPLIST_KEY_NSLocationAlwaysAndWhenInUseUsageDescription = "需要您的允许，以便于搜索到您附近的充电站。";
				INFOPLIST_KEY_NSLocationWhenInUseUsageDescription = "需要您的允许，以便于搜索到您附近的充电站。";
				INFOPLIST_KEY_NSMicrophoneUsageDescription = "需要您允许使用麦克风才可在照片选项中录制视频。";
				INFOPLIST_KEY_NSPhotoLibraryAddUsageDescription = "需要您的允许，以便于将图片保存至您的相册。";
				INFOPLIST_KEY_NSPhotoLibraryUsageDescription = "需要您允许使用相册，拍照将用于设置“头像”等。";
				INFOPLIST_KEY_UIApplicationSupportsIndirectInputEvents = YES;
				INFOPLIST_KEY_UILaunchStoryboardName = LaunchScreen;
				INFOPLIST_KEY_UISupportedInterfaceOrientations = UIInterfaceOrientationPortrait;
				IPHONEOS_DEPLOYMENT_TARGET = 15.0;
				LD_RUNPATH_SEARCH_PATHS = (
					"$(inherited)",
					"@executable_path/Frameworks",
				);
				MARKETING_VERSION = 1.0.0;
				PRODUCT_BUNDLE_IDENTIFIER = com.gin.GXSuperApp;
				PRODUCT_NAME = "$(TARGET_NAME)";
				SUPPORTED_PLATFORMS = "iphoneos iphonesimulator";
				SUPPORTS_MACCATALYST = NO;
				SUPPORTS_MAC_DESIGNED_FOR_IPHONE_IPAD = NO;
				SWIFT_EMIT_LOC_STRINGS = YES;
				SWIFT_VERSION = 5.0;
				TARGETED_DEVICE_FAMILY = 1;
			};
			name = Debug;
		};
		33D9DFF42C0EFA0900A282D5 /* Release */ = {
			isa = XCBuildConfiguration;
			baseConfigurationReference = AE37990042C7D6C00FD87875 /* Pods-GXSuperApp.release.xcconfig */;
			buildSettings = {
				ALWAYS_EMBED_SWIFT_STANDARD_LIBRARIES = NO;
				ASSETCATALOG_COMPILER_APPICON_NAME = AppIcon;
				ASSETCATALOG_COMPILER_GLOBAL_ACCENT_COLOR_NAME = AccentColor;
				CODE_SIGN_ENTITLEMENTS = GXSuperApp/GXSuperApp.entitlements;
				CODE_SIGN_STYLE = Automatic;
				CURRENT_PROJECT_VERSION = 1;
				DEVELOPMENT_TEAM = L54KZN9KMH;
				ENABLE_USER_SCRIPT_SANDBOXING = NO;
				FRAMEWORK_SEARCH_PATHS = "$(inherited)";
				GENERATE_INFOPLIST_FILE = YES;
				INFOPLIST_FILE = GXSuperApp/Info.plist;
				INFOPLIST_KEY_CFBundleDisplayName = MarsEnergy;
				INFOPLIST_KEY_NSCameraUsageDescription = "需要您允许使用相机，拍照将用于设置“头像”等。";
				INFOPLIST_KEY_NSLocationAlwaysAndWhenInUseUsageDescription = "需要您的允许，以便于搜索到您附近的充电站。";
				INFOPLIST_KEY_NSLocationWhenInUseUsageDescription = "需要您的允许，以便于搜索到您附近的充电站。";
				INFOPLIST_KEY_NSMicrophoneUsageDescription = "需要您允许使用麦克风才可在照片选项中录制视频。";
				INFOPLIST_KEY_NSPhotoLibraryAddUsageDescription = "需要您的允许，以便于将图片保存至您的相册。";
				INFOPLIST_KEY_NSPhotoLibraryUsageDescription = "需要您允许使用相册，拍照将用于设置“头像”等。";
				INFOPLIST_KEY_UIApplicationSupportsIndirectInputEvents = YES;
				INFOPLIST_KEY_UILaunchStoryboardName = LaunchScreen;
				INFOPLIST_KEY_UISupportedInterfaceOrientations = UIInterfaceOrientationPortrait;
				IPHONEOS_DEPLOYMENT_TARGET = 15.0;
				LD_RUNPATH_SEARCH_PATHS = (
					"$(inherited)",
					"@executable_path/Frameworks",
				);
				MARKETING_VERSION = 1.0.0;
				PRODUCT_BUNDLE_IDENTIFIER = com.gin.GXSuperApp;
				PRODUCT_NAME = "$(TARGET_NAME)";
				SUPPORTED_PLATFORMS = "iphoneos iphonesimulator";
				SUPPORTS_MACCATALYST = NO;
				SUPPORTS_MAC_DESIGNED_FOR_IPHONE_IPAD = NO;
				SWIFT_EMIT_LOC_STRINGS = YES;
				SWIFT_VERSION = 5.0;
				TARGETED_DEVICE_FAMILY = 1;
			};
			name = Release;
		};
/* End XCBuildConfiguration section */

/* Begin XCConfigurationList section */
		33D9DFD92C0EFA0700A282D5 /* Build configuration list for PBXProject "GXSuperApp" */ = {
			isa = XCConfigurationList;
			buildConfigurations = (
				33D9DFF02C0EFA0900A282D5 /* Debug */,
				33D9DFF12C0EFA0900A282D5 /* Release */,
			);
			defaultConfigurationIsVisible = 0;
			defaultConfigurationName = Release;
		};
		33D9DFF22C0EFA0900A282D5 /* Build configuration list for PBXNativeTarget "GXSuperApp" */ = {
			isa = XCConfigurationList;
			buildConfigurations = (
				33D9DFF32C0EFA0900A282D5 /* Debug */,
				33D9DFF42C0EFA0900A282D5 /* Release */,
			);
			defaultConfigurationIsVisible = 0;
			defaultConfigurationName = Release;
		};
/* End XCConfigurationList section */
	};
	rootObject = 33D9DFD62C0EFA0700A282D5 /* Project object */;
}
